
Microsoft Visual Studio Solution File, Format Version 11.00
# Visual Studio 2010
Project("{8BC9CEB8-8B4A-11D0-8D11-00A0C91BC942}") = "7z_simple", "7z_simple\7z_simple.vcxproj", "{4AEF38E8-0BDB-44E3-9259-01B97CE4B69F}"
EndProject
Project("{8BC9CEB8-8B4A-11D0-8D11-00A0C91BC942}") = "7z_simple_test", "7z_simple_test\7z_simple_test.vcxproj", "{E4749BDF-D1CF-40D3-86D1-D0E5BBFB7D43}"
EndProject
Global
	GlobalSection(SolutionConfigurationPlatforms) = preSolution
		Debug|Win32 = Debug|Win32
		Release|Win32 = Release|Win32
	EndGlobalSection
	GlobalSection(ProjectConfigurationPlatforms) = postSolution
		{4AEF38E8-0BDB-44E3-9259-01B97CE4B69F}.Debug|Win32.ActiveCfg = Debug|Win32
		{4AEF38E8-0BDB-44E3-9259-01B97CE4B69F}.Debug|Win32.Build.0 = Debug|Win32
		{4AEF38E8-0BDB-44E3-9259-01B97CE4B69F}.Release|Win32.ActiveCfg = Release|Win32
		{4AEF38E8-0BDB-44E3-9259-01B97CE4B69F}.Release|Win32.Build.0 = Release|Win32
		{E4749BDF-D1CF-40D3-86D1-D0E5BBFB7D43}.Debug|Win32.ActiveCfg = Debug|Win32
		{E4749BDF-D1CF-40D3-86D1-D0E5BBFB7D43}.Debug|Win32.Build.0 = Debug|Win32
		{E4749BDF-D1CF-40D3-86D1-D0E5BBFB7D43}.Release|Win32.ActiveCfg = Release|Win32
		{E4749BDF-D1CF-40D3-86D1-D0E5BBFB7D43}.Release|Win32.Build.0 = Release|Win32
	EndGlobalSection
	GlobalSection(SolutionProperties) = preSolution
		HideSolutionNode = FALSE
	EndGlobalSection
EndGlobal
